// !$*UTF8*$!
{
	archiveVersion = 1;
	classes = {
	};
	objectVersion = 50;
	objects = {

/* Begin PBXBuildFile section */
		C49F6736246DB195000DFEA1 /* AppDelegate.swift in Sources */ = {isa = PBXBuildFile; fileRef = C49F6735246DB195000DFEA1 /* AppDelegate.swift */; };
		C49F6738246DB195000DFEA1 /* SceneDelegate.swift in Sources */ = {isa = PBXBuildFile; fileRef = C49F6737246DB195000DFEA1 /* SceneDelegate.swift */; };
		C49F673A246DB195000DFEA1 /* ContentView.swift in Sources */ = {isa = PBXBuildFile; fileRef = C49F6739246DB195000DFEA1 /* ContentView.swift */; };
		C49F673C246DB19D000DFEA1 /* Assets.xcassets in Resources */ = {isa = PBXBuildFile; fileRef = C49F673B246DB19D000DFEA1 /* Assets.xcassets */; };
		C49F673F246DB19D000DFEA1 /* Preview Assets.xcassets in Resources */ = {isa = PBXBuildFile; fileRef = C49F673E246DB19D000DFEA1 /* Preview Assets.xcassets */; };
		C49F6742246DB19D000DFEA1 /* LaunchScreen.storyboard in Resources */ = {isa = PBXBuildFile; fileRef = C49F6740246DB19D000DFEA1 /* LaunchScreen.storyboard */; };
		C49F674D246DB19D000DFEA1 /* iOS_App_SurveyTests.swift in Sources */ = {isa = PBXBuildFile; fileRef = C49F674C246DB19D000DFEA1 /* iOS_App_SurveyTests.swift */; };
		C49F675A246DB363000DFEA1 /* LogoHeader.swift in Sources */ = {isa = PBXBuildFile; fileRef = C49F6757246DB363000DFEA1 /* LogoHeader.swift */; };
		C49F675B246DB363000DFEA1 /* QuestionView.swift in Sources */ = {isa = PBXBuildFile; fileRef = C49F6758246DB363000DFEA1 /* QuestionView.swift */; };
		C49F675C246DB363000DFEA1 /* MapView.swift in Sources */ = {isa = PBXBuildFile; fileRef = C49F6759246DB363000DFEA1 /* MapView.swift */; };
/* End PBXBuildFile section */

/* Begin PBXContainerItemProxy section */
		C49F6749246DB19D000DFEA1 /* PBXContainerItemProxy */ = {
			isa = PBXContainerItemProxy;
			containerPortal = C49F672A246DB195000DFEA1 /* Project object */;
			proxyType = 1;
			remoteGlobalIDString = C49F6731246DB195000DFEA1;
			remoteInfo = "iOS-App-Survey";
		};
/* End PBXContainerItemProxy section */

/* Begin PBXFileReference section */
		C49F6732246DB195000DFEA1 /* iOS-App-Survey.app */ = {isa = PBXFileReference; explicitFileType = wrapper.application; includeInIndex = 0; path = "iOS-App-Survey.app"; sourceTree = BUILT_PRODUCTS_DIR; };
		C49F6735246DB195000DFEA1 /* AppDelegate.swift */ = {isa = PBXFileReference; lastKnownFileType = sourcecode.swift; path = AppDelegate.swift; sourceTree = "<group>"; };
		C49F6737246DB195000DFEA1 /* SceneDelegate.swift */ = {isa = PBXFileReference; lastKnownFileType = sourcecode.swift; path = SceneDelegate.swift; sourceTree = "<group>"; };
		C49F6739246DB195000DFEA1 /* ContentView.swift */ = {isa = PBXFileReference; lastKnownFileType = sourcecode.swift; path = ContentView.swift; sourceTree = "<group>"; };
		C49F673B246DB19D000DFEA1 /* Assets.xcassets */ = {isa = PBXFileReference; lastKnownFileType = folder.assetcatalog; path = Assets.xcassets; sourceTree = "<group>"; };
		C49F673E246DB19D000DFEA1 /* Preview Assets.xcassets */ = {isa = PBXFileReference; lastKnownFileType = folder.assetcatalog; path = "Preview Assets.xcassets"; sourceTree = "<group>"; };
		C49F6741246DB19D000DFEA1 /* Base */ = {isa = PBXFileReference; lastKnownFileType = file.storyboard; name = Base; path = Base.lproj/LaunchScreen.storyboard; sourceTree = "<group>"; };
		C49F6743246DB19D000DFEA1 /* Info.plist */ = {isa = PBXFileReference; lastKnownFileType = text.plist.xml; path = Info.plist; sourceTree = "<group>"; };
		C49F6748246DB19D000DFEA1 /* iOS-App-SurveyTests.xctest */ = {isa = PBXFileReference; explicitFileType = wrapper.cfbundle; includeInIndex = 0; path = "iOS-App-SurveyTests.xctest"; sourceTree = BUILT_PRODUCTS_DIR; };
		C49F674C246DB19D000DFEA1 /* iOS_App_SurveyTests.swift */ = {isa = PBXFileReference; lastKnownFileType = sourcecode.swift; path = iOS_App_SurveyTests.swift; sourceTree = "<group>"; };
		C49F674E246DB19D000DFEA1 /* Info.plist */ = {isa = PBXFileReference; lastKnownFileType = text.plist.xml; path = Info.plist; sourceTree = "<group>"; };
		C49F6757246DB363000DFEA1 /* LogoHeader.swift */ = {isa = PBXFileReference; fileEncoding = 4; lastKnownFileType = sourcecode.swift; path = LogoHeader.swift; sourceTree = "<group>"; };
		C49F6758246DB363000DFEA1 /* QuestionView.swift */ = {isa = PBXFileReference; fileEncoding = 4; lastKnownFileType = sourcecode.swift; path = QuestionView.swift; sourceTree = "<group>"; };
		C49F6759246DB363000DFEA1 /* MapView.swift */ = {isa = PBXFileReference; fileEncoding = 4; lastKnownFileType = sourcecode.swift; path = MapView.swift; sourceTree = "<group>"; };
/* End PBXFileReference section */

/* Begin PBXFrameworksBuildPhase section */
		C49F672F246DB195000DFEA1 /* Frameworks */ = {
			isa = PBXFrameworksBuildPhase;
			buildActionMask = 2147483647;
			files = (
			);
			runOnlyForDeploymentPostprocessing = 0;
		};
		C49F6745246DB19D000DFEA1 /* Frameworks */ = {
			isa = PBXFrameworksBuildPhase;
			buildActionMask = 2147483647;
			files = (
			);
			runOnlyForDeploymentPostprocessing = 0;
		};
/* End PBXFrameworksBuildPhase section */

/* Begin PBXGroup section */
		C49F6729246DB195000DFEA1 = {
			isa = PBXGroup;
			children = (
				C49F6734246DB195000DFEA1 /* iOS-App-Survey */,
				C49F674B246DB19D000DFEA1 /* iOS-App-SurveyTests */,
				C49F6733246DB195000DFEA1 /* Products */,
			);
			sourceTree = "<group>";
		};
		C49F6733246DB195000DFEA1 /* Products */ = {
			isa = PBXGroup;
			children = (
				C49F6732246DB195000DFEA1 /* iOS-App-Survey.app */,
				C49F6748246DB19D000DFEA1 /* iOS-App-SurveyTests.xctest */,
			);
			name = Products;
			sourceTree = "<group>";
		};
		C49F6734246DB195000DFEA1 /* iOS-App-Survey */ = {
			isa = PBXGroup;
			children = (
				C49F6735246DB195000DFEA1 /* AppDelegate.swift */,
				C49F6737246DB195000DFEA1 /* SceneDelegate.swift */,
				C49F6739246DB195000DFEA1 /* ContentView.swift */,
				C49F6757246DB363000DFEA1 /* LogoHeader.swift */,
				C49F6759246DB363000DFEA1 /* MapView.swift */,
				C49F6758246DB363000DFEA1 /* QuestionView.swift */,
				C49F673B246DB19D000DFEA1 /* Assets.xcassets */,
				C49F6740246DB19D000DFEA1 /* LaunchScreen.storyboard */,
				C49F6743246DB19D000DFEA1 /* Info.plist */,
				C49F673D246DB19D000DFEA1 /* Preview Content */,
			);
			path = "iOS-App-Survey";
			sourceTree = "<group>";
		};
		C49F673D246DB19D000DFEA1 /* Preview Content */ = {
			isa = PBXGroup;
			children = (
				C49F673E246DB19D000DFEA1 /* Preview Assets.xcassets */,
			);
			path = "Preview Content";
			sourceTree = "<group>";
		};
		C49F674B246DB19D000DFEA1 /* iOS-App-SurveyTests */ = {
			isa = PBXGroup;
			children = (
				C49F674C246DB19D000DFEA1 /* iOS_App_SurveyTests.swift */,
				C49F674E246DB19D000DFEA1 /* Info.plist */,
			);
			path = "iOS-App-SurveyTests";
			sourceTree = "<group>";
		};
/* End PBXGroup section */

/* Begin PBXNativeTarget section */
		C49F6731246DB195000DFEA1 /* iOS-App-Survey */ = {
			isa = PBXNativeTarget;
			buildConfigurationList = C49F6751246DB19D000DFEA1 /* Build configuration list for PBXNativeTarget "iOS-App-Survey" */;
			buildPhases = (
				C49F672E246DB195000DFEA1 /* Sources */,
				C49F672F246DB195000DFEA1 /* Frameworks */,
				C49F6730246DB195000DFEA1 /* Resources */,
			);
			buildRules = (
			);
			dependencies = (
			);
			name = "iOS-App-Survey";
			productName = "iOS-App-Survey";
			productReference = C49F6732246DB195000DFEA1 /* iOS-App-Survey.app */;
			productType = "com.apple.product-type.application";
		};
		C49F6747246DB19D000DFEA1 /* iOS-App-SurveyTests */ = {
			isa = PBXNativeTarget;
			buildConfigurationList = C49F6754246DB19D000DFEA1 /* Build configuration list for PBXNativeTarget "iOS-App-SurveyTests" */;
			buildPhases = (
				C49F6744246DB19D000DFEA1 /* Sources */,
				C49F6745246DB19D000DFEA1 /* Frameworks */,
				C49F6746246DB19D000DFEA1 /* Resources */,
			);
			buildRules = (
			);
			dependencies = (
				C49F674A246DB19D000DFEA1 /* PBXTargetDependency */,
			);
			name = "iOS-App-SurveyTests";
			productName = "iOS-App-SurveyTests";
			productReference = C49F6748246DB19D000DFEA1 /* iOS-App-SurveyTests.xctest */;
			productType = "com.apple.product-type.bundle.unit-test";
		};
/* End PBXNativeTarget section */

/* Begin PBXProject section */
		C49F672A246DB195000DFEA1 /* Project object */ = {
			isa = PBXProject;
			attributes = {
				LastSwiftUpdateCheck = 1140;
				LastUpgradeCheck = 1140;
				ORGANIZATIONNAME = "Carl Small Town Center";
				TargetAttributes = {
					C49F6731246DB195000DFEA1 = {
						CreatedOnToolsVersion = 11.4.1;
					};
					C49F6747246DB19D000DFEA1 = {
						CreatedOnToolsVersion = 11.4.1;
						TestTargetID = C49F6731246DB195000DFEA1;
					};
				};
			};
			buildConfigurationList = C49F672D246DB195000DFEA1 /* Build configuration list for PBXProject "iOS-App-Survey" */;
			compatibilityVersion = "Xcode 9.3";
			developmentRegion = en;
			hasScannedForEncodings = 0;
			knownRegions = (
				en,
				Base,
			);
			mainGroup = C49F6729246DB195000DFEA1;
			productRefGroup = C49F6733246DB195000DFEA1 /* Products */;
			projectDirPath = "";
			projectRoot = "";
			targets = (
				C49F6731246DB195000DFEA1 /* iOS-App-Survey */,
				C49F6747246DB19D000DFEA1 /* iOS-App-SurveyTests */,
			);
		};
/* End PBXProject section */

/* Begin PBXResourcesBuildPhase section */
		C49F6730246DB195000DFEA1 /* Resources */ = {
			isa = PBXResourcesBuildPhase;
			buildActionMask = 2147483647;
			files = (
				C49F6742246DB19D000DFEA1 /* LaunchScreen.storyboard in Resources */,
				C49F673F246DB19D000DFEA1 /* Preview Assets.xcassets in Resources */,
				C49F673C246DB19D000DFEA1 /* Assets.xcassets in Resources */,
			);
			runOnlyForDeploymentPostprocessing = 0;
		};
		C49F6746246DB19D000DFEA1 /* Resources */ = {
			isa = PBXResourcesBuildPhase;
			buildActionMask = 2147483647;
			files = (
			);
			runOnlyForDeploymentPostprocessing = 0;
		};
/* End PBXResourcesBuildPhase section */

/* Begin PBXSourcesBuildPhase section */
		C49F672E246DB195000DFEA1 /* Sources */ = {
			isa = PBXSourcesBuildPhase;
			buildActionMask = 2147483647;
			files = (
				C49F675B246DB363000DFEA1 /* QuestionView.swift in Sources */,
				C49F675C246DB363000DFEA1 /* MapView.swift in Sources */,
				C49F6736246DB195000DFEA1 /* AppDelegate.swift in Sources */,
				C49F675A246DB363000DFEA1 /* LogoHeader.swift in Sources */,
				C49F6738246DB195000DFEA1 /* SceneDelegate.swift in Sources */,
				C49F673A246DB195000DFEA1 /* ContentView.swift in Sources */,
			);
			runOnlyForDeploymentPostprocessing = 0;
		};
		C49F6744246DB19D000DFEA1 /* Sources */ = {
			isa = PBXSourcesBuildPhase;
			buildActionMask = 2147483647;
			files = (
				C49F674D246DB19D000DFEA1 /* iOS_App_SurveyTests.swift in Sources */,
			);
			runOnlyForDeploymentPostprocessing = 0;
		};
/* End PBXSourcesBuildPhase section */

/* Begin PBXTargetDependency section */
		C49F674A246DB19D000DFEA1 /* PBXTargetDependency */ = {
			isa = PBXTargetDependency;
			target = C49F6731246DB195000DFEA1 /* iOS-App-Survey */;
			targetProxy = C49F6749246DB19D000DFEA1 /* PBXContainerItemProxy */;
		};
/* End PBXTargetDependency section */

/* Begin PBXVariantGroup section */
		C49F6740246DB19D000DFEA1 /* LaunchScreen.storyboard */ = {
			isa = PBXVariantGroup;
			children = (
				C49F6741246DB19D000DFEA1 /* Base */,
			);
			name = LaunchScreen.storyboard;
			sourceTree = "<group>";
		};
/* End PBXVariantGroup section */

/* Begin XCBuildConfiguration section */
		C49F674F246DB19D000DFEA1 /* Debug */ = {
			isa = XCBuildConfiguration;
			buildSettings = {
				ALWAYS_SEARCH_USER_PATHS = NO;
				CLANG_ANALYZER_NONNULL = YES;
				CLANG_ANALYZER_NUMBER_OBJECT_CONVERSION = YES_AGGRESSIVE;
				CLANG_CXX_LANGUAGE_STANDARD = "gnu++14";
				CLANG_CXX_LIBRARY = "libc++";
				CLANG_ENABLE_MODULES = YES;
				CLANG_ENABLE_OBJC_ARC = YES;
				CLANG_ENABLE_OBJC_WEAK = YES;
				CLANG_WARN_BLOCK_CAPTURE_AUTORELEASING = YES;
				CLANG_WARN_BOOL_CONVERSION = YES;
				CLANG_WARN_COMMA = YES;
				CLANG_WARN_CONSTANT_CONVERSION = YES;
				CLANG_WARN_DEPRECATED_OBJC_IMPLEMENTATIONS = YES;
				CLANG_WARN_DIRECT_OBJC_ISA_USAGE = YES_ERROR;
				CLANG_WARN_DOCUMENTATION_COMMENTS = YES;
				CLANG_WARN_EMPTY_BODY = YES;
				CLANG_WARN_ENUM_CONVERSION = YES;
				CLANG_WARN_INFINITE_RECURSION = YES;
				CLANG_WARN_INT_CONVERSION = YES;
				CLANG_WARN_NON_LITERAL_NULL_CONVERSION = YES;
				CLANG_WARN_OBJC_IMPLICIT_RETAIN_SELF = YES;
				CLANG_WARN_OBJC_LITERAL_CONVERSION = YES;
				CLANG_WARN_OBJC_ROOT_CLASS = YES_ERROR;
				CLANG_WARN_RANGE_LOOP_ANALYSIS = YES;
				CLANG_WARN_STRICT_PROTOTYPES = YES;
				CLANG_WARN_SUSPICIOUS_MOVE = YES;
				CLANG_WARN_UNGUARDED_AVAILABILITY = YES_AGGRESSIVE;
				CLANG_WARN_UNREACHABLE_CODE = YES;
				CLANG_WARN__DUPLICATE_METHOD_MATCH = YES;
				COPY_PHASE_STRIP = NO;
				DEBUG_INFORMATION_FORMAT = dwarf;
				ENABLE_STRICT_OBJC_MSGSEND = YES;
				ENABLE_TESTABILITY = YES;
				GCC_C_LANGUAGE_STANDARD = gnu11;
				GCC_DYNAMIC_NO_PIC = NO;
				GCC_NO_COMMON_BLOCKS = YES;
				GCC_OPTIMIZATION_LEVEL = 0;
				GCC_PREPROCESSOR_DEFINITIONS = (
					"DEBUG=1",
					"$(inherited)",
				);
				GCC_WARN_64_TO_32_BIT_CONVERSION = YES;
				GCC_WARN_ABOUT_RETURN_TYPE = YES_ERROR;
				GCC_WARN_UNDECLARED_SELECTOR = YES;
				GCC_WARN_UNINITIALIZED_AUTOS = YES_AGGRESSIVE;
				GCC_WARN_UNUSED_FUNCTION = YES;
				GCC_WARN_UNUSED_VARIABLE = YES;
				IPHONEOS_DEPLOYMENT_TARGET = 13.4;
				MTL_ENABLE_DEBUG_INFO = INCLUDE_SOURCE;
				MTL_FAST_MATH = YES;
				ONLY_ACTIVE_ARCH = YES;
				SDKROOT = iphoneos;
				SWIFT_ACTIVE_COMPILATION_CONDITIONS = DEBUG;
				SWIFT_OPTIMIZATION_LEVEL = "-Onone";
			};
			name = Debug;
		};
		C49F6750246DB19D000DFEA1 /* Release */ = {
			isa = XCBuildConfiguration;
			buildSettings = {
				ALWAYS_SEARCH_USER_PATHS = NO;
				CLANG_ANALYZER_NONNULL = YES;
				CLANG_ANALYZER_NUMBER_OBJECT_CONVERSION = YES_AGGRESSIVE;
				CLANG_CXX_LANGUAGE_STANDARD = "gnu++14";
				CLANG_CXX_LIBRARY = "libc++";
				CLANG_ENABLE_MODULES = YES;
				CLANG_ENABLE_OBJC_ARC = YES;
				CLANG_ENABLE_OBJC_WEAK = YES;
				CLANG_WARN_BLOCK_CAPTURE_AUTORELEASING = YES;
				CLANG_WARN_BOOL_CONVERSION = YES;
				CLANG_WARN_COMMA = YES;
				CLANG_WARN_CONSTANT_CONVERSION = YES;
				CLANG_WARN_DEPRECATED_OBJC_IMPLEMENTATIONS = YES;
				CLANG_WARN_DIRECT_OBJC_ISA_USAGE = YES_ERROR;
				CLANG_WARN_DOCUMENTATION_COMMENTS = YES;
				CLANG_WARN_EMPTY_BODY = YES;
				CLANG_WARN_ENUM_CONVERSION = YES;
				CLANG_WARN_INFINITE_RECURSION = YES;
				CLANG_WARN_INT_CONVERSION = YES;
				CLANG_WARN_NON_LITERAL_NULL_CONVERSION = YES;
				CLANG_WARN_OBJC_IMPLICIT_RETAIN_SELF = YES;
				CLANG_WARN_OBJC_LITERAL_CONVERSION = YES;
				CLANG_WARN_OBJC_ROOT_CLASS = YES_ERROR;
				CLANG_WARN_RANGE_LOOP_ANALYSIS = YES;
				CLANG_WARN_STRICT_PROTOTYPES = YES;
				CLANG_WARN_SUSPICIOUS_MOVE = YES;
				CLANG_WARN_UNGUARDED_AVAILABILITY = YES_AGGRESSIVE;
				CLANG_WARN_UNREACHABLE_CODE = YES;
				CLANG_WARN__DUPLICATE_METHOD_MATCH = YES;
				COPY_PHASE_STRIP = NO;
				DEBUG_INFORMATION_FORMAT = "dwarf-with-dsym";
				ENABLE_NS_ASSERTIONS = NO;
				ENABLE_STRICT_OBJC_MSGSEND = YES;
				GCC_C_LANGUAGE_STANDARD = gnu11;
				GCC_NO_COMMON_BLOCKS = YES;
				GCC_WARN_64_TO_32_BIT_CONVERSION = YES;
				GCC_WARN_ABOUT_RETURN_TYPE = YES_ERROR;
				GCC_WARN_UNDECLARED_SELECTOR = YES;
				GCC_WARN_UNINITIALIZED_AUTOS = YES_AGGRESSIVE;
				GCC_WARN_UNUSED_FUNCTION = YES;
				GCC_WARN_UNUSED_VARIABLE = YES;
				IPHONEOS_DEPLOYMENT_TARGET = 13.4;
				MTL_ENABLE_DEBUG_INFO = NO;
				MTL_FAST_MATH = YES;
				SDKROOT = iphoneos;
				SWIFT_COMPILATION_MODE = wholemodule;
				SWIFT_OPTIMIZATION_LEVEL = "-O";
				VALIDATE_PRODUCT = YES;
			};
			name = Release;
		};
		C49F6752246DB19D000DFEA1 /* Debug */ = {
			isa = XCBuildConfiguration;
			buildSettings = {
				ASSETCATALOG_COMPILER_APPICON_NAME = AppIcon;
				CODE_SIGN_STYLE = Automatic;
				DEVELOPMENT_ASSET_PATHS = "\"iOS-App-Survey/Preview Content\"";
				ENABLE_PREVIEWS = YES;
				INFOPLIST_FILE = "iOS-App-Survey/Info.plist";
				LD_RUNPATH_SEARCH_PATHS = (
					"$(inherited)",
					"@executable_path/Frameworks",
				);
				PRODUCT_BUNDLE_IDENTIFIER = "com.example.iOS-App-Survey";
				PRODUCT_NAME = "$(TARGET_NAME)";
				SWIFT_VERSION = 5.0;
				TARGETED_DEVICE_FAMILY = "1,2";
			};
			name = Debug;
		};
		C49F6753246DB19D000DFEA1 /* Release */ = {
			isa = XCBuildConfiguration;
			buildSettings = {
				ASSETCATALOG_COMPILER_APPICON_NAME = AppIcon;
				CODE_SIGN_STYLE = Automatic;
				DEVELOPMENT_ASSET_PATHS = "\"iOS-App-Survey/Preview Content\"";
				ENABLE_PREVIEWS = YES;
				INFOPLIST_FILE = "iOS-App-Survey/Info.plist";
				LD_RUNPATH_SEARCH_PATHS = (
					"$(inherited)",
					"@executable_path/Frameworks",
				);
				PRODUCT_BUNDLE_IDENTIFIER = "com.example.iOS-App-Survey";
				PRODUCT_NAME = "$(TARGET_NAME)";
				SWIFT_VERSION = 5.0;
				TARGETED_DEVICE_FAMILY = "1,2";
			};
			name = Release;
		};
		C49F6755246DB19D000DFEA1 /* Debug */ = {
			isa = XCBuildConfiguration;
			buildSettings = {
				ALWAYS_EMBED_SWIFT_STANDARD_LIBRARIES = YES;
				BUNDLE_LOADER = "$(TEST_HOST)";
				CODE_SIGN_STYLE = Automatic;
				INFOPLIST_FILE = "iOS-App-SurveyTests/Info.plist";
				IPHONEOS_DEPLOYMENT_TARGET = 13.4;
				LD_RUNPATH_SEARCH_PATHS = (
					"$(inherited)",
					"@executable_path/Frameworks",
					"@loader_path/Frameworks",
				);
				PRODUCT_BUNDLE_IDENTIFIER = "com.example.iOS-App-SurveyTests";
				PRODUCT_NAME = "$(TARGET_NAME)";
				SWIFT_VERSION = 5.0;
				TARGETED_DEVICE_FAMILY = "1,2";
				TEST_HOST = "$(BUILT_PRODUCTS_DIR)/iOS-App-Survey.app/iOS-App-Survey";
			};
			name = Debug;
		};
		C49F6756246DB19D000DFEA1 /* Release */ = {
			isa = XCBuildConfiguration;
			buildSettings = {
				ALWAYS_EMBED_SWIFT_STANDARD_LIBRARIES = YES;
				BUNDLE_LOADER = "$(TEST_HOST)";
				CODE_SIGN_STYLE = Automatic;
				INFOPLIST_FILE = "iOS-App-SurveyTests/Info.plist";
				IPHONEOS_DEPLOYMENT_TARGET = 13.4;
				LD_RUNPATH_SEARCH_PATHS = (
					"$(inherited)",
					"@executable_path/Frameworks",
					"@loader_path/Frameworks",
				);
				PRODUCT_BUNDLE_IDENTIFIER = "com.example.iOS-App-SurveyTests";
				PRODUCT_NAME = "$(TARGET_NAME)";
				SWIFT_VERSION = 5.0;
				TARGETED_DEVICE_FAMILY = "1,2";
				TEST_HOST = "$(BUILT_PRODUCTS_DIR)/iOS-App-Survey.app/iOS-App-Survey";
			};
			name = Release;
		};
/* End XCBuildConfiguration section */

/* Begin XCConfigurationList section */
		C49F672D246DB195000DFEA1 /* Build configuration list for PBXProject "iOS-App-Survey" */ = {
			isa = XCConfigurationList;
			buildConfigurations = (
				C49F674F246DB19D000DFEA1 /* Debug */,
				C49F6750246DB19D000DFEA1 /* Release */,
			);
			defaultConfigurationIsVisible = 0;
			defaultConfigurationName = Release;
		};
		C49F6751246DB19D000DFEA1 /* Build configuration list for PBXNativeTarget "iOS-App-Survey" */ = {
			isa = XCConfigurationList;
			buildConfigurations = (
				C49F6752246DB19D000DFEA1 /* Debug */,
				C49F6753246DB19D000DFEA1 /* Release */,
			);
			defaultConfigurationIsVisible = 0;
			defaultConfigurationName = Release;
		};
		C49F6754246DB19D000DFEA1 /* Build configuration list for PBXNativeTarget "iOS-App-SurveyTests" */ = {
			isa = XCConfigurationList;
			buildConfigurations = (
				C49F6755246DB19D000DFEA1 /* Debug */,
				C49F6756246DB19D000DFEA1 /* Release */,
			);
			defaultConfigurationIsVisible = 0;
			defaultConfigurationName = Release;
		};
/* End XCConfigurationList section */
	};
	rootObject = C49F672A246DB195000DFEA1 /* Project object */;
}
